
Microsoft Visual Studio Solution File, Format Version 12.00
# Visual Studio Version 16
VisualStudioVersion = 16.0.30907.101
MinimumVisualStudioVersion = 10.0.40219.1
Project("{FAE04EC0-301F-11D3-BF4B-00C04F79EFBC}") = "LLDPConsoleApp", "LLDPConsoleApp\LLDPConsoleApp.csproj", "{9B1C77B8-9251-42A0-A909-A1D99E7A8041}"
EndProject
Global
	GlobalSection(SolutionConfigurationPlatforms) = preSolution
		Debug|Any CPU = Debug|Any CPU
		Release|Any CPU = Release|Any CPU
	EndGlobalSection
	GlobalSection(ProjectConfigurationPlatforms) = postSolution
		{9B1C77B8-9251-42A0-A909-A1D99E7A8041}.Debug|Any CPU.ActiveCfg = Debug|Any CPU
		{9B1C77B8-9251-42A0-A909-A1D99E7A8041}.Debug|Any CPU.Build.0 = Debug|Any CPU
		{9B1C77B8-9251-42A0-A909-A1D99E7A8041}.Release|Any CPU.ActiveCfg = Release|Any CPU
		{9B1C77B8-9251-42A0-A909-A1D99E7A8041}.Release|Any CPU.Build.0 = Release|Any CPU
	EndGlobalSection
	GlobalSection(SolutionProperties) = preSolution
		HideSolutionNode = FALSE
	EndGlobalSection
	GlobalSection(ExtensibilityGlobals) = postSolution
		SolutionGuid = {37AFA181-0541-4873-BF7C-D6ECD6367EEA}
	EndGlobalSection
EndGlobal
